
Microsoft Visual Studio Solution File, Format Version 12.00
# Visual Studio Version 16
VisualStudioVersion = 16.0.30104.148
MinimumVisualStudioVersion = 10.0.40219.1
Project("{9A19103F-16F7-4668-BE54-9A1E7A4F7556}") = "Utilities", "src\Utilities\Utilities.csproj", "{E70873AD-4229-4565-A5EE-2797935DD701}"
EndProject
Project("{9A19103F-16F7-4668-BE54-9A1E7A4F7556}") = "Utilities.DatabaseProcessors", "src\Utilities.DatabaseProcessors\Utilities.DatabaseProcessors.csproj", "{6441FD06-9310-4E74-B985-FDDEA7104D7E}"
EndProject
Project("{9A19103F-16F7-4668-BE54-9A1E7A4F7556}") = "Utilities.FileProcessors", "src\Utilities.FileProcessors\Utilities.FileProcessors.csproj", "{48CE1E2E-B99B-44FE-8569-8118865FCE09}"
EndProject
Project("{9A19103F-16F7-4668-BE54-9A1E7A4F7556}") = "Utilities.Domain", "src\Utilities.Domain\Utilities.Domain.csproj", "{B0807C22-9AA0-4543-B0C1-C401F564665A}"
EndProject
Global
	GlobalSection(SolutionConfigurationPlatforms) = preSolution
		Debug|Any CPU = Debug|Any CPU
		Release|Any CPU = Release|Any CPU
	EndGlobalSection
	GlobalSection(ProjectConfigurationPlatforms) = postSolution
		{E70873AD-4229-4565-A5EE-2797935DD701}.Debug|Any CPU.ActiveCfg = Debug|Any CPU
		{E70873AD-4229-4565-A5EE-2797935DD701}.Debug|Any CPU.Build.0 = Debug|Any CPU
		{E70873AD-4229-4565-A5EE-2797935DD701}.Release|Any CPU.ActiveCfg = Release|Any CPU
		{E70873AD-4229-4565-A5EE-2797935DD701}.Release|Any CPU.Build.0 = Release|Any CPU
		{6441FD06-9310-4E74-B985-FDDEA7104D7E}.Debug|Any CPU.ActiveCfg = Debug|Any CPU
		{6441FD06-9310-4E74-B985-FDDEA7104D7E}.Debug|Any CPU.Build.0 = Debug|Any CPU
		{6441FD06-9310-4E74-B985-FDDEA7104D7E}.Release|Any CPU.ActiveCfg = Release|Any CPU
		{6441FD06-9310-4E74-B985-FDDEA7104D7E}.Release|Any CPU.Build.0 = Release|Any CPU
		{48CE1E2E-B99B-44FE-8569-8118865FCE09}.Debug|Any CPU.ActiveCfg = Debug|Any CPU
		{48CE1E2E-B99B-44FE-8569-8118865FCE09}.Debug|Any CPU.Build.0 = Debug|Any CPU
		{48CE1E2E-B99B-44FE-8569-8118865FCE09}.Release|Any CPU.ActiveCfg = Release|Any CPU
		{48CE1E2E-B99B-44FE-8569-8118865FCE09}.Release|Any CPU.Build.0 = Release|Any CPU
		{B0807C22-9AA0-4543-B0C1-C401F564665A}.Debug|Any CPU.ActiveCfg = Debug|Any CPU
		{B0807C22-9AA0-4543-B0C1-C401F564665A}.Debug|Any CPU.Build.0 = Debug|Any CPU
		{B0807C22-9AA0-4543-B0C1-C401F564665A}.Release|Any CPU.ActiveCfg = Release|Any CPU
		{B0807C22-9AA0-4543-B0C1-C401F564665A}.Release|Any CPU.Build.0 = Release|Any CPU
	EndGlobalSection
	GlobalSection(SolutionProperties) = preSolution
		HideSolutionNode = FALSE
	EndGlobalSection
	GlobalSection(ExtensibilityGlobals) = postSolution
		SolutionGuid = {D60A464D-1C09-4154-B02D-3483530A49B2}
	EndGlobalSection
EndGlobal
